# This file is automatically @generated by Cargo.
# It is not intended for manual editing.
version = 4

[[package]]
name = "either"
version = "1.15.0"
source = "registry+https://github.com/rust-lang/crates.io-index"
checksum = "48c757948c5ede0e46177b7add2e67155f70e33c07fea8284df6576da70b3719"

[[package]]
name = "experiments"
version = "0.1.0"
dependencies = [
 "ghost-cell",
 "higher-kinded-types",
 "itertools",
 "take_mut",
]

[[package]]
name = "ghost-cell"
version = "0.2.6"
source = "registry+https://github.com/rust-lang/crates.io-index"
checksum = "d8449d342b1c67f49169e92e71deb7b9b27f30062301a16dbc27a4cc8d2351b7"

[[package]]
name = "higher-kinded-types"
version = "0.1.1"
source = "registry+https://github.com/rust-lang/crates.io-index"
checksum = "561985554c8b8d4808605c90a5f1979cc6c31a5d20b78465cd59501233c6678e"
dependencies = [
 "never-say-never",
]

[[package]]
name = "itertools"
version = "0.14.0"
source = "registry+https://github.com/rust-lang/crates.io-index"
checksum = "2b192c782037fadd9cfa75548310488aabdbf3d2da73885b31bd0abd03351285"
dependencies = [
 "either",
]

[[package]]
name = "never-say-never"
version = "6.6.666"
source = "registry+https://github.com/rust-lang/crates.io-index"
checksum = "cf5a574dadd7941adeaa71823ecba5e28331b8313fb2e1c6a5c7e5981ea53ad6"

[[package]]
name = "take_mut"
version = "0.2.2"
source = "registry+https://github.com/rust-lang/crates.io-index"
checksum = "f764005d11ee5f36500a149ace24e00e3da98b0158b3e2d53a7495660d3f4d60"
